
Microsoft Visual Studio Solution File, Format Version 12.00
# Visual Studio Version 16
VisualStudioVersion = 16.0.30804.86
MinimumVisualStudioVersion = 10.0.40219.1
Project("{9A19103F-16F7-4668-BE54-9A1E7A4F7556}") = "ip-tracker-win", "ip-tracker-win\ip-tracker-win.csproj", "{68DEB904-A4E1-43EB-9EFE-DAB94B299B99}"
EndProject
Project("{FAE04EC0-301F-11D3-BF4B-00C04F79EFBC}") = "ip-tracker-library", "ip-tracker-library\ip-tracker-library.csproj", "{EC5E728F-CBC4-485F-B602-C02F39C82152}"
EndProject
Global
	GlobalSection(SolutionConfigurationPlatforms) = preSolution
		Debug|Any CPU = Debug|Any CPU
		Release|Any CPU = Release|Any CPU
	EndGlobalSection
	GlobalSection(ProjectConfigurationPlatforms) = postSolution
		{68DEB904-A4E1-43EB-9EFE-DAB94B299B99}.Debug|Any CPU.ActiveCfg = Debug|Any CPU
		{68DEB904-A4E1-43EB-9EFE-DAB94B299B99}.Debug|Any CPU.Build.0 = Debug|Any CPU
		{68DEB904-A4E1-43EB-9EFE-DAB94B299B99}.Release|Any CPU.ActiveCfg = Release|Any CPU
		{68DEB904-A4E1-43EB-9EFE-DAB94B299B99}.Release|Any CPU.Build.0 = Release|Any CPU
		{EC5E728F-CBC4-485F-B602-C02F39C82152}.Debug|Any CPU.ActiveCfg = Debug|Any CPU
		{EC5E728F-CBC4-485F-B602-C02F39C82152}.Debug|Any CPU.Build.0 = Debug|Any CPU
		{EC5E728F-CBC4-485F-B602-C02F39C82152}.Release|Any CPU.ActiveCfg = Release|Any CPU
		{EC5E728F-CBC4-485F-B602-C02F39C82152}.Release|Any CPU.Build.0 = Release|Any CPU
	EndGlobalSection
	GlobalSection(SolutionProperties) = preSolution
		HideSolutionNode = FALSE
	EndGlobalSection
	GlobalSection(ExtensibilityGlobals) = postSolution
		SolutionGuid = {A93AD033-F267-4F0C-AD8B-29C757E6DB37}
	EndGlobalSection
EndGlobal
